
Microsoft Visual Studio Solution File, Format Version 12.00
# Visual Studio Version 16
VisualStudioVersion = 16.0.29926.136
MinimumVisualStudioVersion = 10.0.40219.1
Project("{FAE04EC0-301F-11D3-BF4B-00C04F79EFBC}") = "WindowsFormsProj_One", "WindowsFormsProj_One\WindowsFormsProj_One.csproj", "{34468B27-5648-41EB-A105-558D843FD433}"
EndProject
Global
	GlobalSection(SolutionConfigurationPlatforms) = preSolution
		Debug|Any CPU = Debug|Any CPU
		Release|Any CPU = Release|Any CPU
	EndGlobalSection
	GlobalSection(ProjectConfigurationPlatforms) = postSolution
		{34468B27-5648-41EB-A105-558D843FD433}.Debug|Any CPU.ActiveCfg = Debug|Any CPU
		{34468B27-5648-41EB-A105-558D843FD433}.Debug|Any CPU.Build.0 = Debug|Any CPU
		{34468B27-5648-41EB-A105-558D843FD433}.Release|Any CPU.ActiveCfg = Release|Any CPU
		{34468B27-5648-41EB-A105-558D843FD433}.Release|Any CPU.Build.0 = Release|Any CPU
	EndGlobalSection
	GlobalSection(SolutionProperties) = preSolution
		HideSolutionNode = FALSE
	EndGlobalSection
	GlobalSection(ExtensibilityGlobals) = postSolution
		SolutionGuid = {8CC6EE25-B3FD-4785-9627-1FA406E99E56}
	EndGlobalSection
EndGlobal
